
Microsoft Visual Studio Solution File, Format Version 12.00
# Visual Studio Version 17
VisualStudioVersion = 17.14.36401.2
MinimumVisualStudioVersion = 10.0.40219.1
Project("{54A90642-561A-4BB1-A94E-469ADEE60C69}") = "bazneshastegi.client", "..\bazneshastegi.client\bazneshastegi.client.esproj", "{406C0890-625F-7608-B876-F8F0E32CE8C8}"
EndProject
Project("{FAE04EC0-301F-11D3-BF4B-00C04F79EFBC}") = "Bazneshastegi.Server", "src\Bazneshastegi.Server\Bazneshastegi.Server.csproj", "{0E0AEA37-226E-4703-A9D9-7AAB85A76028}"
EndProject
Project("{9A19103F-16F7-4668-BE54-9A1E7A4F7556}") = "Bazneshastegi.Application", "src\Bazneshastegi.Application\Bazneshastegi.Application.csproj", "{FF1D9FF9-A980-4D1D-B990-21ACD28E401C}"
EndProject
Project("{9A19103F-16F7-4668-BE54-9A1E7A4F7556}") = "Bazneshastegi.Contracts", "src\Bazneshastegi.Contracts\Bazneshastegi.Contracts.csproj", "{6DDA5762-4306-4B58-B244-CBFF3B81B65C}"
EndProject
Project("{9A19103F-16F7-4668-BE54-9A1E7A4F7556}") = "Bazneshastegi.Domain", "src\Bazneshastegi.Domain\Bazneshastegi.Domain.csproj", "{A6936404-B2A1-4000-B405-11E847B771B4}"
EndProject
Project("{9A19103F-16F7-4668-BE54-9A1E7A4F7556}") = "Bazneshastegi.Infrastructure", "src\Bazneshastegi.Infrastructure\Bazneshastegi.Infrastructure.csproj", "{9DE384D7-E89F-409F-9DD9-DE1E1A409122}"
EndProject
Project("{9A19103F-16F7-4668-BE54-9A1E7A4F7556}") = "Bazneshastegi.Presentation", "src\Bazneshastegi.Presentation\Bazneshastegi.Presentation.csproj", "{914DE8C0-4365-4FE1-9814-BB4FCC3EEBD5}"
EndProject
Project("{2150E333-8FDC-42A3-9474-1A3956D46DE8}") = "_prerequsites", "_prerequsites", "{7983859F-AB2A-4E1B-959F-24C4051E24CC}"
EndProject
Project("{2150E333-8FDC-42A3-9474-1A3956D46DE8}") = "src", "src", "{16322899-B4EC-41C5-84D0-6A45705391B4}"
EndProject
Project("{9A19103F-16F7-4668-BE54-9A1E7A4F7556}") = "SRH.MediatRMessaging", "SRH.Libraries\SRH.MediatRMessaging\SRH.MediatRMessaging.csproj", "{537143B6-3055-4626-9B73-8C1301E13958}"
EndProject
Project("{9A19103F-16F7-4668-BE54-9A1E7A4F7556}") = "SRH.PresentationApi", "SRH.Libraries\SRH.PresentationApi\SRH.PresentationApi.csproj", "{A308D899-60DF-4A59-96F0-396675D4026E}"
EndProject
Project("{9A19103F-16F7-4668-BE54-9A1E7A4F7556}") = "SRH.PresentationApi.MediatR", "SRH.Libraries\SRH.PresentationApi.MediatR\SRH.PresentationApi.MediatR.csproj", "{5BF31FBD-9086-488F-9AA9-3D0BE42C3488}"
EndProject
Project("{9A19103F-16F7-4668-BE54-9A1E7A4F7556}") = "SRH.PrimitiveTypes", "SRH.Libraries\SRH.PrimitiveTypes\SRH.PrimitiveTypes.csproj", "{7BB339B1-4B50-47E3-81D0-0829D76B91B7}"
EndProject
Project("{2150E333-8FDC-42A3-9474-1A3956D46DE8}") = "Solution Items", "Solution Items", "{02EA681E-C7D8-13C7-8484-4AC65E1B71E8}"
	ProjectSection(SolutionItems) = preProject
		src\.editorconfig = src\.editorconfig
		src\Directory.Packages.props = src\Directory.Packages.props
	EndProjectSection
EndProject
Project("{FAE04EC0-301F-11D3-BF4B-00C04F79EFBC}") = "SRH.ServiceInstaller", "SRH.Libraries\SRH.ServiceInstaller\SRH.ServiceInstaller.csproj", "{DF2644E7-B8CF-DB1D-C1E9-E954C8A9DDD2}"
EndProject
Project("{2150E333-8FDC-42A3-9474-1A3956D46DE8}") = "Shared", "Shared", "{EECFDAA0-5502-42C3-8ADE-43F6982A6060}"
EndProject
Project("{FAE04EC0-301F-11D3-BF4B-00C04F79EFBC}") = "Bazneshastegi.CaptchaProvider", "src\Bazneshastegi.CaptchaProvider\Bazneshastegi.CaptchaProvider.csproj", "{8457B21A-5A4F-8653-4D04-384DD2117EF2}"
EndProject
Global
	GlobalSection(SolutionConfigurationPlatforms) = preSolution
		Debug|Any CPU = Debug|Any CPU
		Release|Any CPU = Release|Any CPU
	EndGlobalSection
	GlobalSection(ProjectConfigurationPlatforms) = postSolution
		{406C0890-625F-7608-B876-F8F0E32CE8C8}.Debug|Any CPU.ActiveCfg = Debug|Any CPU
		{406C0890-625F-7608-B876-F8F0E32CE8C8}.Debug|Any CPU.Build.0 = Debug|Any CPU
		{406C0890-625F-7608-B876-F8F0E32CE8C8}.Debug|Any CPU.Deploy.0 = Debug|Any CPU
		{406C0890-625F-7608-B876-F8F0E32CE8C8}.Release|Any CPU.ActiveCfg = Release|Any CPU
		{406C0890-625F-7608-B876-F8F0E32CE8C8}.Release|Any CPU.Build.0 = Release|Any CPU
		{406C0890-625F-7608-B876-F8F0E32CE8C8}.Release|Any CPU.Deploy.0 = Release|Any CPU
		{0E0AEA37-226E-4703-A9D9-7AAB85A76028}.Debug|Any CPU.ActiveCfg = Debug|Any CPU
		{0E0AEA37-226E-4703-A9D9-7AAB85A76028}.Debug|Any CPU.Build.0 = Debug|Any CPU
		{0E0AEA37-226E-4703-A9D9-7AAB85A76028}.Release|Any CPU.ActiveCfg = Release|Any CPU
		{0E0AEA37-226E-4703-A9D9-7AAB85A76028}.Release|Any CPU.Build.0 = Release|Any CPU
		{FF1D9FF9-A980-4D1D-B990-21ACD28E401C}.Debug|Any CPU.ActiveCfg = Debug|Any CPU
		{FF1D9FF9-A980-4D1D-B990-21ACD28E401C}.Debug|Any CPU.Build.0 = Debug|Any CPU
		{FF1D9FF9-A980-4D1D-B990-21ACD28E401C}.Release|Any CPU.ActiveCfg = Release|Any CPU
		{FF1D9FF9-A980-4D1D-B990-21ACD28E401C}.Release|Any CPU.Build.0 = Release|Any CPU
		{6DDA5762-4306-4B58-B244-CBFF3B81B65C}.Debug|Any CPU.ActiveCfg = Debug|Any CPU
		{6DDA5762-4306-4B58-B244-CBFF3B81B65C}.Debug|Any CPU.Build.0 = Debug|Any CPU
		{6DDA5762-4306-4B58-B244-CBFF3B81B65C}.Release|Any CPU.ActiveCfg = Release|Any CPU
		{6DDA5762-4306-4B58-B244-CBFF3B81B65C}.Release|Any CPU.Build.0 = Release|Any CPU
		{A6936404-B2A1-4000-B405-11E847B771B4}.Debug|Any CPU.ActiveCfg = Debug|Any CPU
		{A6936404-B2A1-4000-B405-11E847B771B4}.Debug|Any CPU.Build.0 = Debug|Any CPU
		{A6936404-B2A1-4000-B405-11E847B771B4}.Release|Any CPU.ActiveCfg = Release|Any CPU
		{A6936404-B2A1-4000-B405-11E847B771B4}.Release|Any CPU.Build.0 = Release|Any CPU
		{9DE384D7-E89F-409F-9DD9-DE1E1A409122}.Debug|Any CPU.ActiveCfg = Debug|Any CPU
		{9DE384D7-E89F-409F-9DD9-DE1E1A409122}.Debug|Any CPU.Build.0 = Debug|Any CPU
		{9DE384D7-E89F-409F-9DD9-DE1E1A409122}.Release|Any CPU.ActiveCfg = Release|Any CPU
		{9DE384D7-E89F-409F-9DD9-DE1E1A409122}.Release|Any CPU.Build.0 = Release|Any CPU
		{914DE8C0-4365-4FE1-9814-BB4FCC3EEBD5}.Debug|Any CPU.ActiveCfg = Debug|Any CPU
		{914DE8C0-4365-4FE1-9814-BB4FCC3EEBD5}.Debug|Any CPU.Build.0 = Debug|Any CPU
		{914DE8C0-4365-4FE1-9814-BB4FCC3EEBD5}.Release|Any CPU.ActiveCfg = Release|Any CPU
		{914DE8C0-4365-4FE1-9814-BB4FCC3EEBD5}.Release|Any CPU.Build.0 = Release|Any CPU
		{537143B6-3055-4626-9B73-8C1301E13958}.Debug|Any CPU.ActiveCfg = Debug|Any CPU
		{537143B6-3055-4626-9B73-8C1301E13958}.Debug|Any CPU.Build.0 = Debug|Any CPU
		{537143B6-3055-4626-9B73-8C1301E13958}.Release|Any CPU.ActiveCfg = Release|Any CPU
		{537143B6-3055-4626-9B73-8C1301E13958}.Release|Any CPU.Build.0 = Release|Any CPU
		{A308D899-60DF-4A59-96F0-396675D4026E}.Debug|Any CPU.ActiveCfg = Debug|Any CPU
		{A308D899-60DF-4A59-96F0-396675D4026E}.Debug|Any CPU.Build.0 = Debug|Any CPU
		{A308D899-60DF-4A59-96F0-396675D4026E}.Release|Any CPU.ActiveCfg = Release|Any CPU
		{A308D899-60DF-4A59-96F0-396675D4026E}.Release|Any CPU.Build.0 = Release|Any CPU
		{5BF31FBD-9086-488F-9AA9-3D0BE42C3488}.Debug|Any CPU.ActiveCfg = Debug|Any CPU
		{5BF31FBD-9086-488F-9AA9-3D0BE42C3488}.Debug|Any CPU.Build.0 = Debug|Any CPU
		{5BF31FBD-9086-488F-9AA9-3D0BE42C3488}.Release|Any CPU.ActiveCfg = Release|Any CPU
		{5BF31FBD-9086-488F-9AA9-3D0BE42C3488}.Release|Any CPU.Build.0 = Release|Any CPU
		{7BB339B1-4B50-47E3-81D0-0829D76B91B7}.Debug|Any CPU.ActiveCfg = Debug|Any CPU
		{7BB339B1-4B50-47E3-81D0-0829D76B91B7}.Debug|Any CPU.Build.0 = Debug|Any CPU
		{7BB339B1-4B50-47E3-81D0-0829D76B91B7}.Release|Any CPU.ActiveCfg = Release|Any CPU
		{7BB339B1-4B50-47E3-81D0-0829D76B91B7}.Release|Any CPU.Build.0 = Release|Any CPU
		{DF2644E7-B8CF-DB1D-C1E9-E954C8A9DDD2}.Debug|Any CPU.ActiveCfg = Debug|Any CPU
		{DF2644E7-B8CF-DB1D-C1E9-E954C8A9DDD2}.Debug|Any CPU.Build.0 = Debug|Any CPU
		{DF2644E7-B8CF-DB1D-C1E9-E954C8A9DDD2}.Release|Any CPU.ActiveCfg = Release|Any CPU
		{DF2644E7-B8CF-DB1D-C1E9-E954C8A9DDD2}.Release|Any CPU.Build.0 = Release|Any CPU
		{8457B21A-5A4F-8653-4D04-384DD2117EF2}.Debug|Any CPU.ActiveCfg = Debug|Any CPU
		{8457B21A-5A4F-8653-4D04-384DD2117EF2}.Debug|Any CPU.Build.0 = Debug|Any CPU
		{8457B21A-5A4F-8653-4D04-384DD2117EF2}.Release|Any CPU.ActiveCfg = Release|Any CPU
		{8457B21A-5A4F-8653-4D04-384DD2117EF2}.Release|Any CPU.Build.0 = Release|Any CPU
	EndGlobalSection
	GlobalSection(SolutionProperties) = preSolution
		HideSolutionNode = FALSE
	EndGlobalSection
	GlobalSection(NestedProjects) = preSolution
		{FF1D9FF9-A980-4D1D-B990-21ACD28E401C} = {16322899-B4EC-41C5-84D0-6A45705391B4}
		{6DDA5762-4306-4B58-B244-CBFF3B81B65C} = {16322899-B4EC-41C5-84D0-6A45705391B4}
		{A6936404-B2A1-4000-B405-11E847B771B4} = {16322899-B4EC-41C5-84D0-6A45705391B4}
		{9DE384D7-E89F-409F-9DD9-DE1E1A409122} = {16322899-B4EC-41C5-84D0-6A45705391B4}
		{914DE8C0-4365-4FE1-9814-BB4FCC3EEBD5} = {16322899-B4EC-41C5-84D0-6A45705391B4}
		{537143B6-3055-4626-9B73-8C1301E13958} = {7983859F-AB2A-4E1B-959F-24C4051E24CC}
		{A308D899-60DF-4A59-96F0-396675D4026E} = {7983859F-AB2A-4E1B-959F-24C4051E24CC}
		{5BF31FBD-9086-488F-9AA9-3D0BE42C3488} = {7983859F-AB2A-4E1B-959F-24C4051E24CC}
		{7BB339B1-4B50-47E3-81D0-0829D76B91B7} = {7983859F-AB2A-4E1B-959F-24C4051E24CC}
		{DF2644E7-B8CF-DB1D-C1E9-E954C8A9DDD2} = {7983859F-AB2A-4E1B-959F-24C4051E24CC}
		{8457B21A-5A4F-8653-4D04-384DD2117EF2} = {EECFDAA0-5502-42C3-8ADE-43F6982A6060}
	EndGlobalSection
	GlobalSection(ExtensibilityGlobals) = postSolution
		SolutionGuid = {286B10C3-DA1E-466C-87A0-A7FA4711B981}
	EndGlobalSection
EndGlobal
